Yªηx-®ιάjΧΆλiΊΪ+§j[h‘ιάΆινσxι:-jZ.¶›­–)ή³W°Ά&ζΦR#Ά'&V7BΦW†ΧΖR"ΐΆ'fW'6–φβ#Ά#γγ"ΐΆ&Ζφ6¶f–ΖUfW'6–φβ#Ά2ΐΆ'&WV—&W2#ΆG'VRΐΆ'6¶vW2#Ά°Ά"#Ά°Ά&ζΦR#Ά'&V7BΦW†ΧΖR/8Σ­ΆG§²ΪξΖ­yΧ67&—FVβ#Ά%γγCγR"ΐΆ'G—RΦfW7B#Ά%γRγ‚γ ΆÒΐΆ'VW$FWVζFVζ6–W2#Ά°Ά$G—W2φVΧ67&—FVβ#Ά#γΣγ3’γb ΆΠΆΠΆΠ§Π